
Microsoft Visual Studio Solution File, Format Version 12.00
# Visual Studio Version 17
VisualStudioVersion = 17.9.34714.143
MinimumVisualStudioVersion = 10.0.40219.1
Project("{FAE04EC0-301F-11D3-BF4B-00C04F79EFBC}") = "MDK.01.01-PR-38", "MDK.01.01-PR-38.csproj", "{CC97F36F-0048-48CE-B610-60448AA9EB62}"
EndProject
Global
	GlobalSection(SolutionConfigurationPlatforms) = preSolution
		Debug|Any CPU = Debug|Any CPU
		Release|Any CPU = Release|Any CPU
	EndGlobalSection
	GlobalSection(ProjectConfigurationPlatforms) = postSolution
		{CC97F36F-0048-48CE-B610-60448AA9EB62}.Debug|Any CPU.ActiveCfg = Debug|Any CPU
		{CC97F36F-0048-48CE-B610-60448AA9EB62}.Debug|Any CPU.Build.0 = Debug|Any CPU
		{CC97F36F-0048-48CE-B610-60448AA9EB62}.Release|Any CPU.ActiveCfg = Release|Any CPU
		{CC97F36F-0048-48CE-B610-60448AA9EB62}.Release|Any CPU.Build.0 = Release|Any CPU
	EndGlobalSection
	GlobalSection(SolutionProperties) = preSolution
		HideSolutionNode = FALSE
	EndGlobalSection
	GlobalSection(ExtensibilityGlobals) = postSolution
		SolutionGuid = {1C1D8BEF-6282-4500-B433-4E4C359CE401}
	EndGlobalSection
EndGlobal
